{
  "name": "main",
  "requires": true,
  "lockfileVersion": 1,
  "dependencies": {
    "@polymer/app-layout": {
      "version": "3.0.2",
      "resolved": "https://registry.npmjs.org/@polymer/app-layout/-/app-layout-3.0.2.tgz",
      "integrity": "sha512-qKcQHj72uGxGoetjnNQ7pg4F6Da4U5jKBzZy0VRmDuZMUPDmtIqHaIgC5K6B4y+xUag0gkV9ce72Q3hNaK9y+g==",
      "requires": {
        "@polymer/iron-flex-layout": "^3.0.0-pre.26",
        "@polymer/iron-media-query": "^3.0.0-pre.26",
        "@polymer/iron-resizable-behavior": "^3.0.0-pre.26",
        "@polymer/iron-scroll-target-behavior": "^3.0.0-pre.26",
        "@polymer/polymer": "^3.0.0"
      }
    },
    "@polymer/app-route": {
      "version": "3.0.2",
      "resolved": "https://registry.npmjs.org/@polymer/app-route/-/app-route-3.0.2.tgz",
      "integrity": "sha512-8Y34evmsaYh7ONr+zLwLzXaU0iOZZQj1E2uB3iaToQHbOP1POhKlnmAycBQ/eFB8BwrdSUBaDQk+rZhio78FQw==",
      "requires": {
        "@polymer/iron-location": "^3.0.0-pre.26",
        "@polymer/polymer": "^3.0.0"
      }
    },
    "@polymer/font-roboto": {
      "version": "3.0.2",
      "resolved": "https://registry.npmjs.org/@polymer/font-roboto/-/font-roboto-3.0.2.tgz",
      "integrity": "sha512-tx5TauYSmzsIvmSqepUPDYbs4/Ejz2XbZ1IkD7JEGqkdNUJlh+9KU85G56Tfdk/xjEZ8zorFfN09OSwiMrIQWA=="
    },
    "@polymer/iron-a11y-announcer": {
      "version": "3.0.2",
      "resolved": "https://registry.npmjs.org/@polymer/iron-a11y-announcer/-/iron-a11y-announcer-3.0.2.tgz",
      "integrity": "sha512-LqnMF39mXyxSSRbTHRzGbcJS8nU0NVTo2raBOgOlpxw5yfGJUVcwaTJ/qy5NtWCZLRfa4suycf0oAkuUjHTXHQ==",
      "requires": {
        "@polymer/polymer": "^3.0.0"
      }
    },
    "@polymer/iron-a11y-keys-behavior": {
      "version": "3.0.1",
      "resolved": "https://registry.npmjs.org/@polymer/iron-a11y-keys-behavior/-/iron-a11y-keys-behavior-3.0.1.tgz",
      "integrity": "sha512-lnrjKq3ysbBPT/74l0Fj0U9H9C35Tpw2C/tpJ8a+5g8Y3YJs1WSZYnEl1yOkw6sEyaxOq/1DkzH0+60gGu5/PQ==",
      "requires": {
        "@polymer/polymer": "^3.0.0"
      }
    },
    "@polymer/iron-ajax": {
      "version": "3.0.1",
      "resolved": "https://registry.npmjs.org/@polymer/iron-ajax/-/iron-ajax-3.0.1.tgz",
      "integrity": "sha512-7+TPEAfWsRdhj1Y8UeF1759ktpVu+c3sG16rJiUC3wF9+woQ9xI1zUm2d59i7Yc3aDEJrR/Q8Y262KlOvyGVNg==",
      "requires": {
        "@polymer/polymer": "^3.0.0"
      }
    },
    "@polymer/iron-autogrow-textarea": {
      "version": "3.0.1",
      "resolved": "https://registry.npmjs.org/@polymer/iron-autogrow-textarea/-/iron-autogrow-textarea-3.0.1.tgz",
      "integrity": "sha512-FgSL7APrOSL9Vu812sBCFlQ17hvnJsBAV2C2e1UAiaHhB+dyfLq8gGdGUpqVWuGJ50q4Y/49QwCNnLf85AdVYA==",
      "requires": {
        "@polymer/iron-behaviors": "^3.0.0-pre.26",
        "@polymer/iron-flex-layout": "^3.0.0-pre.26",
        "@polymer/iron-validatable-behavior": "^3.0.0-pre.26",
        "@polymer/polymer": "^3.0.0"
      }
    },
    "@polymer/iron-behaviors": {
      "version": "3.0.1",
      "resolved": "https://registry.npmjs.org/@polymer/iron-behaviors/-/iron-behaviors-3.0.1.tgz",
      "integrity": "sha512-IMEwcv1lhf1HSQxuyWOUIL0lOBwmeaoSTpgCJeP9IBYnuB1SPQngmfRuHKgK6/m9LQ9F9miC7p3HeQQUdKAE0w==",
      "requires": {
        "@polymer/iron-a11y-keys-behavior": "^3.0.0-pre.26",
        "@polymer/polymer": "^3.0.0"
      }
    },
    "@polymer/iron-checked-element-behavior": {
      "version": "3.0.1",
      "resolved": "https://registry.npmjs.org/@polymer/iron-checked-element-behavior/-/iron-checked-element-behavior-3.0.1.tgz",
      "integrity": "sha512-aDr0cbCNVq49q+pOqa6CZutFh+wWpwPMLpEth9swx+GkAj+gCURhuQkaUYhIo5f2egDbEioR1aeHMnPlU9dQZA==",
      "requires": {
        "@polymer/iron-form-element-behavior": "^3.0.0-pre.26",
        "@polymer/iron-validatable-behavior": "^3.0.0-pre.26",
        "@polymer/polymer": "^3.0.0"
      }
    },
    "@polymer/iron-dropdown": {
      "version": "3.0.1",
      "resolved": "https://registry.npmjs.org/@polymer/iron-dropdown/-/iron-dropdown-3.0.1.tgz",
      "integrity": "sha512-22yLhepfcKjuQMfFmRHi/9MPKTqkzgRrmWWW0P5uqK++xle53k2QBO5VYUAYiCN3ZcxIi9lEhZ9YWGeQj2JBig==",
      "requires": {
        "@polymer/iron-behaviors": "^3.0.0-pre.26",
        "@polymer/iron-overlay-behavior": "^3.0.0-pre.27",
        "@polymer/neon-animation": "^3.0.0-pre.26",
        "@polymer/polymer": "^3.0.0"
      }
    },
    "@polymer/iron-fit-behavior": {
      "version": "3.0.1",
      "resolved": "https://registry.npmjs.org/@polymer/iron-fit-behavior/-/iron-fit-behavior-3.0.1.tgz",
      "integrity": "sha512-/M0B1L30k31vmwNBaGuZcxzUAhJSHoGccb/DF0CDKI/hT8UlkTvcyemaWdOpmHHLgY52ceKIkRwA3AeXrKyvaQ==",
      "requires": {
        "@polymer/polymer": "^3.0.0"
      }
    },
    "@polymer/iron-flex-layout": {
      "version": "3.0.1",
      "resolved": "https://registry.npmjs.org/@polymer/iron-flex-layout/-/iron-flex-layout-3.0.1.tgz",
      "integrity": "sha512-7gB869czArF+HZcPTVSgvA7tXYFze9EKckvM95NB7SqYF+NnsQyhoXgKnpFwGyo95lUjUW9TFDLUwDXnCYFtkw==",
      "requires": {
        "@polymer/polymer": "^3.0.0"
      }
    },
    "@polymer/iron-form": {
      "version": "3.0.1",
      "resolved": "https://registry.npmjs.org/@polymer/iron-form/-/iron-form-3.0.1.tgz",
      "integrity": "sha512-JwSQXHjYALsytCeBkXlY8aRwqgZuYIqzOk3iHuugb1RXOdZ7MZHyJhMDVBbscHjxqPKu/KaVzAjrcfwNNafzEA==",
      "requires": {
        "@polymer/iron-ajax": "^3.0.0-pre.26",
        "@polymer/polymer": "^3.0.0"
      }
    },
    "@polymer/iron-form-element-behavior": {
      "version": "3.0.1",
      "resolved": "https://registry.npmjs.org/@polymer/iron-form-element-behavior/-/iron-form-element-behavior-3.0.1.tgz",
      "integrity": "sha512-G/e2KXyL5AY7mMjmomHkGpgS0uAf4ovNpKhkuUTRnMuMJuf589bKqE85KN4ovE1Tzhv2hJoh/igyD6ekHiYU1A==",
      "requires": {
        "@polymer/polymer": "^3.0.0"
      }
    },
    "@polymer/iron-icon": {
      "version": "3.0.1",
      "resolved": "https://registry.npmjs.org/@polymer/iron-icon/-/iron-icon-3.0.1.tgz",
      "integrity": "sha512-QLPwirk+UPZNaLnMew9VludXA4CWUCenRewgEcGYwdzVgDPCDbXxy6vRJjmweZobMQv/oVLppT2JZtJFnPxX6g==",
      "requires": {
        "@polymer/iron-flex-layout": "^3.0.0-pre.26",
        "@polymer/iron-meta": "^3.0.0-pre.26",
        "@polymer/polymer": "^3.0.0"
      }
    },
    "@polymer/iron-icons": {
      "version": "3.0.1",
      "resolved": "https://registry.npmjs.org/@polymer/iron-icons/-/iron-icons-3.0.1.tgz",
      "integrity": "sha512-xtEI8erH2GIBiF3QxEMyW81XuVjguu6Le5WjEEpX67qd9z7jjmc4T/ke3zRUlnDydex9p8ytcwVpMIKcyvjYAQ==",
      "requires": {
        "@polymer/iron-icon": "^3.0.0-pre.26",
        "@polymer/iron-iconset-svg": "^3.0.0-pre.26",
        "@polymer/polymer": "^3.0.0"
      }
    },
    "@polymer/iron-iconset-svg": {
      "version": "3.0.1",
      "resolved": "https://registry.npmjs.org/@polymer/iron-iconset-svg/-/iron-iconset-svg-3.0.1.tgz",
      "integrity": "sha512-XNwURbNHRw6u2fJe05O5fMYye6GSgDlDqCO+q6K1zAnKIrpgZwf2vTkBd5uCcZwsN0FyCB3mvNZx4jkh85dRDw==",
      "requires": {
        "@polymer/iron-meta": "^3.0.0-pre.26",
        "@polymer/polymer": "^3.0.0"
      }
    },
    "@polymer/iron-image": {
      "version": "3.0.1",
      "resolved": "https://registry.npmjs.org/@polymer/iron-image/-/iron-image-3.0.1.tgz",
      "integrity": "sha512-Tp6iB/7YYo6IwmVnxHgctKJXjlE6KcHtja+BvyKq7Du+9JB8XgZ2D+WZTYofagwQJ5Akl4oFis5gtO+LM9Z4dA==",
      "requires": {
        "@polymer/polymer": "^3.0.0"
      }
    },
    "@polymer/iron-input": {
      "version": "3.0.1",
      "resolved": "https://registry.npmjs.org/@polymer/iron-input/-/iron-input-3.0.1.tgz",
      "integrity": "sha512-WLx13kEcbH9GKbj9+pWR6pbJkA5kxn3796ynx6eQd2rueMyUfVTR3GzOvadBKsciUuIuzrxpBWZ2+3UcueVUQQ==",
      "requires": {
        "@polymer/iron-a11y-announcer": "^3.0.0-pre.26",
        "@polymer/iron-validatable-behavior": "^3.0.0-pre.26",
        "@polymer/polymer": "^3.0.0"
      }
    },
    "@polymer/iron-location": {
      "version": "3.0.1",
      "resolved": "https://registry.npmjs.org/@polymer/iron-location/-/iron-location-3.0.1.tgz",
      "integrity": "sha512-almb+p/fdSi4bxG+vyXjY51fDZxHMxwiug51Lfvr86wZRXN/u21Y6BapxG5n9f0hPSy9fimjIAvaYmozi7VjyQ==",
      "requires": {
        "@polymer/polymer": "^3.0.0"
      }
    },
    "@polymer/iron-media-query": {
      "version": "3.0.1",
      "resolved": "https://registry.npmjs.org/@polymer/iron-media-query/-/iron-media-query-3.0.1.tgz",
      "integrity": "sha512-czUX1pm1zfmfcZtq5J57XFkcobBv08Y50exp0/3v8Bos5VL/jv2tU0RwiTfDBxUMhjicGbgwEBFQPY2V5DMzyw==",
      "requires": {
        "@polymer/polymer": "^3.0.0"
      }
    },
    "@polymer/iron-menu-behavior": {
      "version": "3.0.2",
      "resolved": "https://registry.npmjs.org/@polymer/iron-menu-behavior/-/iron-menu-behavior-3.0.2.tgz",
      "integrity": "sha512-8dpASkFNBIkxAJWsFLWIO1M7tKM0+wKs3PqdeF/dDdBciwoaaFgC2K1XCZFZnbe2t9/nJgemXxVugGZAWpYCGg==",
      "requires": {
        "@polymer/iron-a11y-keys-behavior": "^3.0.0-pre.26",
        "@polymer/iron-flex-layout": "^3.0.0-pre.26",
        "@polymer/iron-selector": "^3.0.0-pre.26",
        "@polymer/polymer": "^3.0.0"
      }
    },
    "@polymer/iron-meta": {
      "version": "3.0.1",
      "resolved": "https://registry.npmjs.org/@polymer/iron-meta/-/iron-meta-3.0.1.tgz",
      "integrity": "sha512-pWguPugiLYmWFV9UWxLWzZ6gm4wBwQdDy4VULKwdHCqR7OP7u98h+XDdGZsSlDPv6qoryV/e3tGHlTIT0mbzJA==",
      "requires": {
        "@polymer/polymer": "^3.0.0"
      }
    },
    "@polymer/iron-overlay-behavior": {
      "version": "3.0.2",
      "resolved": "https://registry.npmjs.org/@polymer/iron-overlay-behavior/-/iron-overlay-behavior-3.0.2.tgz",
      "integrity": "sha512-j1qmt6mJHCwpe1mKOvqK5kcCUPQr5LSrlqpgRDbUuLgUfNJ/vGTipjrkBlfbEUagm5FEQdc1VLPLSQP6WVuP9g==",
      "requires": {
        "@polymer/iron-a11y-keys-behavior": "^3.0.0-pre.26",
        "@polymer/iron-fit-behavior": "^3.0.0-pre.26",
        "@polymer/iron-resizable-behavior": "^3.0.0-pre.26",
        "@polymer/polymer": "^3.0.0"
      }
    },
    "@polymer/iron-pages": {
      "version": "3.0.1",
      "resolved": "https://registry.npmjs.org/@polymer/iron-pages/-/iron-pages-3.0.1.tgz",
      "integrity": "sha512-PQe8S1JKHPcsIvFOaQP+9+AXmqUIL9fPqC6xT63OAZQxYCeZJDKgT9GKBx+VRryYBUlj2FLEXkUVpG+PTotdjg==",
      "requires": {
        "@polymer/iron-resizable-behavior": "^3.0.0-pre.26",
        "@polymer/iron-selector": "^3.0.0-pre.26",
        "@polymer/polymer": "^3.0.0"
      }
    },
    "@polymer/iron-resizable-behavior": {
      "version": "3.0.1",
      "resolved": "https://registry.npmjs.org/@polymer/iron-resizable-behavior/-/iron-resizable-behavior-3.0.1.tgz",
      "integrity": "sha512-FyHxRxFspVoRaeZSWpT3y0C9awomb4tXXolIJcZ7RvXhMP632V5lez+ch5G5SwK0LpnAPkg35eB0LPMFv+YMMQ==",
      "requires": {
        "@polymer/polymer": "^3.0.0"
      }
    },
    "@polymer/iron-scroll-target-behavior": {
      "version": "3.0.1",
      "resolved": "https://registry.npmjs.org/@polymer/iron-scroll-target-behavior/-/iron-scroll-target-behavior-3.0.1.tgz",
      "integrity": "sha512-xg1WanG25BIkQE8rhuReqY9zx1K5M7F+YAIYpswEp5eyDIaZ1Y3vUmVeQ3KG+hiSugzI1M752azXN7kvyhOBcQ==",
      "requires": {
        "@polymer/polymer": "^3.0.0"
      }
    },
    "@polymer/iron-selector": {
      "version": "3.0.1",
      "resolved": "https://registry.npmjs.org/@polymer/iron-selector/-/iron-selector-3.0.1.tgz",
      "integrity": "sha512-sBVk2uas6prW0glUe2xEJJYlvxmYzM40Au9OKbfDK2Qekou/fLKcBRyIYI39kuI8zWRaip8f3CI8qXcUHnKb1A==",
      "requires": {
        "@polymer/polymer": "^3.0.0"
      }
    },
    "@polymer/iron-validatable-behavior": {
      "version": "3.0.1",
      "resolved": "https://registry.npmjs.org/@polymer/iron-validatable-behavior/-/iron-validatable-behavior-3.0.1.tgz",
      "integrity": "sha512-wwpYh6wOa4fNI+jH5EYKC7TVPYQ2OfgQqocWat7GsNWcsblKYhLYbwsvEY5nO0n2xKqNfZzDLrUom5INJN7msQ==",
      "requires": {
        "@polymer/iron-meta": "^3.0.0-pre.26",
        "@polymer/polymer": "^3.0.0"
      }
    },
    "@polymer/neon-animation": {
      "version": "3.0.1",
      "resolved": "https://registry.npmjs.org/@polymer/neon-animation/-/neon-animation-3.0.1.tgz",
      "integrity": "sha512-cDDc0llpVCe0ATbDS3clDthI54Bc8YwZIeTGGmBJleKOvbRTUC5+ssJmRL+VwVh+VM5FlnQlx760ppftY3uprg==",
      "requires": {
        "@polymer/iron-resizable-behavior": "^3.0.0-pre.26",
        "@polymer/iron-selector": "^3.0.0-pre.26",
        "@polymer/polymer": "^3.0.0"
      }
    },
    "@polymer/paper-behaviors": {
      "version": "3.0.1",
      "resolved": "https://registry.npmjs.org/@polymer/paper-behaviors/-/paper-behaviors-3.0.1.tgz",
      "integrity": "sha512-6knhj69fPJejv8qR0kCSUY+Q0XjaUf0OSnkjRjmTJPAwSrRYtgqE+l6P1FfA+py1X/cUjgne9EF5rMZAKJIg1g==",
      "requires": {
        "@polymer/iron-behaviors": "^3.0.0-pre.26",
        "@polymer/iron-checked-element-behavior": "^3.0.0-pre.26",
        "@polymer/paper-ripple": "^3.0.0-pre.26",
        "@polymer/polymer": "^3.0.0"
      }
    },
    "@polymer/paper-button": {
      "version": "3.0.1",
      "resolved": "https://registry.npmjs.org/@polymer/paper-button/-/paper-button-3.0.1.tgz",
      "integrity": "sha512-JRNBc+Oj9EWnmyLr7FcCr8T1KAnEHPh6mosln9BUdkM+qYaYsudSICh3cjTIbnj6AuF5OJidoLkM1dlyj0j6Zg==",
      "requires": {
        "@polymer/iron-flex-layout": "^3.0.0-pre.26",
        "@polymer/paper-behaviors": "^3.0.0-pre.27",
        "@polymer/paper-styles": "^3.0.0-pre.26",
        "@polymer/polymer": "^3.0.0"
      }
    },
    "@polymer/paper-dropdown-menu": {
      "version": "3.0.1",
      "resolved": "https://registry.npmjs.org/@polymer/paper-dropdown-menu/-/paper-dropdown-menu-3.0.1.tgz",
      "integrity": "sha512-GBFzoP8SC+MTcLgKAflmGEvfjboCFVNkJd39fBEoNHAV3KU92ugmR4sl9iFaIaaGuxJ7QdjsLa2zQPlcS4lr6Q==",
      "requires": {
        "@polymer/iron-a11y-keys-behavior": "^3.0.0-pre.26",
        "@polymer/iron-form-element-behavior": "^3.0.0-pre.26",
        "@polymer/iron-icon": "^3.0.0-pre.26",
        "@polymer/iron-iconset-svg": "^3.0.0-pre.26",
        "@polymer/iron-validatable-behavior": "^3.0.0-pre.26",
        "@polymer/paper-behaviors": "^3.0.0-pre.27",
        "@polymer/paper-input": "^3.0.0-pre.26",
        "@polymer/paper-menu-button": "^3.0.0-pre.26",
        "@polymer/paper-ripple": "^3.0.0-pre.26",
        "@polymer/paper-styles": "^3.0.0-pre.26",
        "@polymer/polymer": "^3.0.0"
      }
    },
    "@polymer/paper-icon-button": {
      "version": "3.0.2",
      "resolved": "https://registry.npmjs.org/@polymer/paper-icon-button/-/paper-icon-button-3.0.2.tgz",
      "integrity": "sha512-kOdxQgnKL097bggFF6PWvsBYuWg+MCcoHoTHX6bh/MuZoWFZNjrFntFqwuB4oEbpjCpfm4moA33muPJFj7CihQ==",
      "requires": {
        "@polymer/iron-icon": "^3.0.0-pre.26",
        "@polymer/paper-behaviors": "^3.0.0-pre.27",
        "@polymer/paper-styles": "^3.0.0-pre.26",
        "@polymer/polymer": "^3.0.0"
      }
    },
    "@polymer/paper-input": {
      "version": "3.0.1",
      "resolved": "https://registry.npmjs.org/@polymer/paper-input/-/paper-input-3.0.1.tgz",
      "integrity": "sha512-th6fuP6PyQEBJSWVtJQ/ZsoQp8Zysq4bRIOg2uGZsNX6gfm6AVoMph5pXOlS8RHoVDDYDG9GRjQib7JPSWKkrw==",
      "requires": {
        "@polymer/iron-a11y-keys-behavior": "^3.0.0-pre.26",
        "@polymer/iron-autogrow-textarea": "^3.0.0-pre.26",
        "@polymer/iron-behaviors": "^3.0.0-pre.26",
        "@polymer/iron-form-element-behavior": "^3.0.0-pre.26",
        "@polymer/iron-input": "^3.0.0-pre.26",
        "@polymer/paper-styles": "^3.0.0-pre.26",
        "@polymer/polymer": "^3.0.0"
      }
    },
    "@polymer/paper-item": {
      "version": "3.0.1",
      "resolved": "https://registry.npmjs.org/@polymer/paper-item/-/paper-item-3.0.1.tgz",
      "integrity": "sha512-KTk2N+GsYiI/HuubL3sxebZ6tteQbBOAp4QVLAnbjSPmwl+mJSDWk+omuadesU0bpkCwaWVs3fHuQsmXxy4pkw==",
      "requires": {
        "@polymer/iron-behaviors": "^3.0.0-pre.26",
        "@polymer/iron-flex-layout": "^3.0.0-pre.26",
        "@polymer/paper-styles": "^3.0.0-pre.26",
        "@polymer/polymer": "^3.0.0"
      }
    },
    "@polymer/paper-listbox": {
      "version": "3.0.1",
      "resolved": "https://registry.npmjs.org/@polymer/paper-listbox/-/paper-listbox-3.0.1.tgz",
      "integrity": "sha512-vMLWFpYcggAPmEDBmK+96fFefacOG3GLB1EguTn8+ZkqI+328hNfw1MzHjH68rgCIIUtjmm+9qgB1Sy/MN0a/A==",
      "requires": {
        "@polymer/iron-behaviors": "^3.0.0-pre.26",
        "@polymer/iron-menu-behavior": "^3.0.0-pre.26",
        "@polymer/paper-styles": "^3.0.0-pre.26",
        "@polymer/polymer": "^3.0.0"
      }
    },
    "@polymer/paper-menu-button": {
      "version": "3.0.1",
      "resolved": "https://registry.npmjs.org/@polymer/paper-menu-button/-/paper-menu-button-3.0.1.tgz",
      "integrity": "sha512-Rxte2Fp7N2BMI2FMM7tB25IkvD11DhjMklcg97JP1jnlHbJNrXPh5SSX2bdtabz49UE8vejIsrxZ+AGsB5nqIQ==",
      "requires": {
        "@polymer/iron-a11y-keys-behavior": "^3.0.0-pre.26",
        "@polymer/iron-behaviors": "^3.0.0-pre.26",
        "@polymer/iron-dropdown": "^3.0.0-pre.26",
        "@polymer/iron-fit-behavior": "^3.0.0-pre.26",
        "@polymer/neon-animation": "^3.0.0-pre.26",
        "@polymer/paper-styles": "^3.0.0-pre.26",
        "@polymer/polymer": "^3.0.0"
      }
    },
    "@polymer/paper-ripple": {
      "version": "3.0.1",
      "resolved": "https://registry.npmjs.org/@polymer/paper-ripple/-/paper-ripple-3.0.1.tgz",
      "integrity": "sha512-dgOe12GyCF1VZBLUQqnzGWlf3xb255FajNCVB1VFj/AtskYtoamnafa7m3a+1vs+C8qbg4Benn5KwgxVDSW4cg==",
      "requires": {
        "@polymer/iron-a11y-keys-behavior": "^3.0.0-pre.26",
        "@polymer/polymer": "^3.0.0"
      }
    },
    "@polymer/paper-spinner": {
      "version": "3.0.2",
      "resolved": "https://registry.npmjs.org/@polymer/paper-spinner/-/paper-spinner-3.0.2.tgz",
      "integrity": "sha512-XUzu8/4NH+pnNZUTI2MxtOKFAr0EOsW7eGhTg3VBhTh7DDW/q3ewzwYRWnqNJokX9BEnxKMiXXaIeTEBq4k2dw==",
      "requires": {
        "@polymer/paper-styles": "^3.0.0-pre.26",
        "@polymer/polymer": "^3.0.0"
      }
    },
    "@polymer/paper-styles": {
      "version": "3.0.1",
      "resolved": "https://registry.npmjs.org/@polymer/paper-styles/-/paper-styles-3.0.1.tgz",
      "integrity": "sha512-y6hmObLqlCx602TQiSBKHqjwkE7xmDiFkoxdYGaNjtv4xcysOTdVJsDR/R9UHwIaxJ7gHlthMSykir1nv78++g==",
      "requires": {
        "@polymer/font-roboto": "^3.0.1",
        "@polymer/iron-flex-layout": "^3.0.0-pre.26",
        "@polymer/polymer": "^3.0.0"
      }
    },
    "@polymer/paper-toast": {
      "version": "3.0.1",
      "resolved": "https://registry.npmjs.org/@polymer/paper-toast/-/paper-toast-3.0.1.tgz",
      "integrity": "sha512-pizuogzObniDdICUc6dSLrnDt2VzzoRne1gCmbD6sfOATVv5tc8UfrqhA2iHngbNBEbniBiciS3iogdp5KTVUQ==",
      "requires": {
        "@polymer/iron-a11y-announcer": "^3.0.0-pre.26",
        "@polymer/iron-fit-behavior": "^3.0.0-pre.26",
        "@polymer/iron-overlay-behavior": "^3.0.0-pre.27",
        "@polymer/polymer": "^3.0.0"
      }
    },
    "@polymer/polymer": {
      "version": "3.2.0",
      "resolved": "https://registry.npmjs.org/@polymer/polymer/-/polymer-3.2.0.tgz",
      "integrity": "sha512-L6uV1oM6T6xbwbVx6t3biG5T2VSSB03LxnIrUd9M2pr6RkHVPFHJ37pC5MUwBAEhkGFJif7eks7fdMMSGZTeEQ==",
      "requires": {
        "@webcomponents/shadycss": "^1.8.0"
      }
    },
    "@polymer/test-fixture": {
      "version": "4.0.2",
      "resolved": "https://registry.npmjs.org/@polymer/test-fixture/-/test-fixture-4.0.2.tgz",
      "integrity": "sha512-tLX8tFE4mkc4p84YG5239G0hbgTVv2irZYrSyO0OblUqIRbRoCPmbydm3HRFQkJeAB3rPCtyeZ2roJULsmTG3A==",
      "dev": true
    },
    "@vaadin/vaadin-accordion": {
      "version": "1.0.0",
      "resolved": "https://registry.npmjs.org/@vaadin/vaadin-accordion/-/vaadin-accordion-1.0.0.tgz",
      "integrity": "sha512-tYiOlQxWbhkln/zE49W+zgjHiUV7Hb8zGcn6CSwjpIKGdcTmzGswjBDhcLRrt/WFgBDlgK6vfQfXNivy9eDcxw==",
      "requires": {
        "@polymer/polymer": "^3.0.0",
        "@vaadin/vaadin-details": "^1.0.0",
        "@vaadin/vaadin-element-mixin": "^2.0.0",
        "@vaadin/vaadin-lumo-styles": "^1.4.1",
        "@vaadin/vaadin-material-styles": "^1.2.0",
        "@vaadin/vaadin-themable-mixin": "^1.2.0"
      }
    },
    "@vaadin/vaadin-checkbox": {
      "version": "2.2.7",
      "resolved": "https://registry.npmjs.org/@vaadin/vaadin-checkbox/-/vaadin-checkbox-2.2.7.tgz",
      "integrity": "sha512-pIBK8rITDiY3K179rsjjk7SNiG8ufl7kBbWfLuuhbTr8KVn+Z+3TLBvMjgqLx+Y8WH3gOKOf6EgDrYyKLpUQww==",
      "requires": {
        "@polymer/polymer": "^3.0.0",
        "@vaadin/vaadin-control-state-mixin": "^2.1.1",
        "@vaadin/vaadin-element-mixin": "^2.0.0",
        "@vaadin/vaadin-lumo-styles": "^1.2.0",
        "@vaadin/vaadin-material-styles": "^1.2.0",
        "@vaadin/vaadin-themable-mixin": "^1.2.1"
      }
    },
    "@vaadin/vaadin-control-state-mixin": {
      "version": "2.1.3",
      "resolved": "https://registry.npmjs.org/@vaadin/vaadin-control-state-mixin/-/vaadin-control-state-mixin-2.1.3.tgz",
      "integrity": "sha512-EtLfMN9i/gwToAEuW6E1OA2Q2i/4a+Il6tKkqE/0i7bgu3Xr1IITMcagQn9QSsp1Xkpr/nLtWWKRq7yZZkbHVg==",
      "requires": {
        "@polymer/polymer": "^3.0.0"
      }
    },
    "@vaadin/vaadin-details": {
      "version": "1.0.1",
      "resolved": "https://registry.npmjs.org/@vaadin/vaadin-details/-/vaadin-details-1.0.1.tgz",
      "integrity": "sha512-Kt3ul/qOUapFhLtejfOtW7lr0qitcQwQTLifsMRuJf6leVsS2Bh/eliFfGL9YuZJpCOByQCrmT8MSB+70pUUYA==",
      "requires": {
        "@polymer/polymer": "^3.0.0",
        "@vaadin/vaadin-control-state-mixin": "^2.1.0",
        "@vaadin/vaadin-element-mixin": "^2.0.0",
        "@vaadin/vaadin-lumo-styles": "^1.4.1",
        "@vaadin/vaadin-material-styles": "^1.2.0",
        "@vaadin/vaadin-themable-mixin": "^1.2.0"
      }
    },
    "@vaadin/vaadin-development-mode-detector": {
      "version": "2.0.0",
      "resolved": "https://registry.npmjs.org/@vaadin/vaadin-development-mode-detector/-/vaadin-development-mode-detector-2.0.0.tgz",
      "integrity": "sha512-pzSaUqn+lJbTL2ZC6NCAfhyMymMYg2p4DzeUXdyInJISwSWmgh9RlRVpAGhi6MIUOKC7kGeKPAiB4vyWsEhzDg=="
    },
    "@vaadin/vaadin-element-mixin": {
      "version": "2.1.3",
      "resolved": "https://registry.npmjs.org/@vaadin/vaadin-element-mixin/-/vaadin-element-mixin-2.1.3.tgz",
      "integrity": "sha512-tCEdrS5JMIl9ZsyjnV28XI2AFLC35RUWRF6XPrvm/MpKAxWLk1MlYrkwR26avOuSqvNwCBO56NIDN2k1yYC4eA==",
      "requires": {
        "@polymer/polymer": "^3.0.0",
        "@vaadin/vaadin-development-mode-detector": "^2.0.0",
        "@vaadin/vaadin-usage-statistics": "^2.0.2"
      }
    },
    "@vaadin/vaadin-grid": {
      "version": "5.3.3",
      "resolved": "https://registry.npmjs.org/@vaadin/vaadin-grid/-/vaadin-grid-5.3.3.tgz",
      "integrity": "sha512-slSXFZW0x4sNqpkqDCTIQsvpW7XOqb5tHijQWambVJuHbX7cE7k6qSErpImKsHKBEQs8fzISLhD+Cy5D3lC/sQ==",
      "requires": {
        "@polymer/iron-a11y-announcer": "^3.0.0",
        "@polymer/iron-a11y-keys-behavior": "^3.0.0",
        "@polymer/iron-resizable-behavior": "^3.0.0",
        "@polymer/iron-scroll-target-behavior": "^3.0.0",
        "@polymer/polymer": "^3.0.0",
        "@vaadin/vaadin-checkbox": "^2.2.1",
        "@vaadin/vaadin-element-mixin": "^2.1.1",
        "@vaadin/vaadin-lumo-styles": "^1.1.1",
        "@vaadin/vaadin-material-styles": "^1.1.1",
        "@vaadin/vaadin-text-field": "^2.1.1",
        "@vaadin/vaadin-themable-mixin": "^1.2.1"
      }
    },
    "@vaadin/vaadin-lumo-styles": {
      "version": "1.4.2",
      "resolved": "https://registry.npmjs.org/@vaadin/vaadin-lumo-styles/-/vaadin-lumo-styles-1.4.2.tgz",
      "integrity": "sha512-6JrmxxQRkDfght5JiViVtd9xoIEwFAHIZjgEwW5ygQw2Zbr++vz6+9oBe6l93nM5JjOMHjR/TXW/+md0FrAZ+w==",
      "requires": {
        "@polymer/iron-icon": "^3.0.0",
        "@polymer/iron-iconset-svg": "^3.0.0",
        "@polymer/polymer": "^3.0.0"
      }
    },
    "@vaadin/vaadin-material-styles": {
      "version": "1.2.2",
      "resolved": "https://registry.npmjs.org/@vaadin/vaadin-material-styles/-/vaadin-material-styles-1.2.2.tgz",
      "integrity": "sha512-da4zBLC9e16AjTXh1wG3jdFFV+2/L57NeQez2xj/al689uvts8WpB7NErXhNMUU5m9X2os4XpyEBS+OX/8OUdQ==",
      "requires": {
        "@polymer/polymer": "^3.0.0"
      }
    },
    "@vaadin/vaadin-text-field": {
      "version": "2.3.6",
      "resolved": "https://registry.npmjs.org/@vaadin/vaadin-text-field/-/vaadin-text-field-2.3.6.tgz",
      "integrity": "sha512-hnplcCBQy4XBUyRoS2pTa6eV/XaJhgEEbXr4nDJYpuvQqla3WUSbQHz4OU9aOX5VZYsDYd8OAHUPtSMcrA7Nwg==",
      "requires": {
        "@polymer/polymer": "^3.0.0",
        "@vaadin/vaadin-control-state-mixin": "^2.1.1",
        "@vaadin/vaadin-element-mixin": "^2.0.0",
        "@vaadin/vaadin-lumo-styles": "^1.2.0",
        "@vaadin/vaadin-material-styles": "^1.2.0",
        "@vaadin/vaadin-themable-mixin": "^1.2.1"
      }
    },
    "@vaadin/vaadin-themable-mixin": {
      "version": "1.4.4",
      "resolved": "https://registry.npmjs.org/@vaadin/vaadin-themable-mixin/-/vaadin-themable-mixin-1.4.4.tgz",
      "integrity": "sha512-S/zN0DvSQ3cy1PdH0Dfa2yQirIFQKWCC3o0YdBzrKVCGvi5QW8+IqBTDFKnIaOfWjYoHsw2eunWcg9pu2jlI1Q==",
      "requires": {
        "@polymer/polymer": "^3.0.0"
      }
    },
    "@vaadin/vaadin-usage-statistics": {
      "version": "2.0.2",
      "resolved": "https://registry.npmjs.org/@vaadin/vaadin-usage-statistics/-/vaadin-usage-statistics-2.0.2.tgz",
      "integrity": "sha512-emu6IttPhlfH7chc3tvvZyztULtrMhNi6SK6BPXe7hN9PvF3XZfLLtVHxQMbJid85yYDcynKSyKznlhDkyrc7Q==",
      "requires": {
        "@vaadin/vaadin-development-mode-detector": "^2.0.0"
      }
    },
    "@webcomponents/shadycss": {
      "version": "1.9.0",
      "resolved": "https://registry.npmjs.org/@webcomponents/shadycss/-/shadycss-1.9.0.tgz",
      "integrity": "sha512-g8Xa+6RSEME4g/wLJW4YII0eq15rvXp76RxPAuv7hx+Bdoi7GzZJ/EoZOUfyIbqAsQbII1TcWD4/+Xhs5NcM1w=="
    },
    "@webcomponents/webcomponentsjs": {
      "version": "2.2.7",
      "resolved": "https://registry.npmjs.org/@webcomponents/webcomponentsjs/-/webcomponentsjs-2.2.7.tgz",
      "integrity": "sha512-kPPjzV+5kpoWpTniyvBSPcXS33f3j/C6HvNOJ3YecF3pvz3XwVeU4ammbxtVy/osF3z7hr1DYNptIf4oPEvXZA==",
      "dev": true
    },
    "assertion-error": {
      "version": "1.1.0",
      "resolved": "https://registry.npmjs.org/assertion-error/-/assertion-error-1.1.0.tgz",
      "integrity": "sha512-jgsaNduz+ndvGyFt3uSuWqvy4lCnIJiovtouQN5JZHOKCS2QuhEdbcQHFhVksz2N2U9hXJo8odG7ETyWlEeuDw==",
      "dev": true
    },
    "balanced-match": {
      "version": "1.0.0",
      "resolved": "https://registry.npmjs.org/balanced-match/-/balanced-match-1.0.0.tgz",
      "integrity": "sha1-ibTRmasr7kneFk6gK4nORi1xt2c=",
      "dev": true
    },
    "bootstrap": {
      "version": "4.3.1",
      "resolved": "https://registry.npmjs.org/bootstrap/-/bootstrap-4.3.1.tgz",
      "integrity": "sha512-rXqOmH1VilAt2DyPzluTi2blhk17bO7ef+zLLPlWvG494pDxcM234pJ8wTc/6R40UWizAIIMgxjvxZg5kmsbag=="
    },
    "brace-expansion": {
      "version": "1.1.11",
      "resolved": "https://registry.npmjs.org/brace-expansion/-/brace-expansion-1.1.11.tgz",
      "integrity": "sha512-iCuPHDFgrHX7H2vEI/5xpz07zSHB00TpugqhmYtVmMO6518mCuRMoOYFldEBl0g187ufozdaHgWKcYFb61qGiA==",
      "dev": true,
      "requires": {
        "balanced-match": "^1.0.0",
        "concat-map": "0.0.1"
      }
    },
    "browser-stdout": {
      "version": "1.3.1",
      "resolved": "https://registry.npmjs.org/browser-stdout/-/browser-stdout-1.3.1.tgz",
      "integrity": "sha512-qhAVI1+Av2X7qelOfAIYwXONood6XlZE/fXaBSmW/T5SzLAmCgzi+eiWE7fUvbHaeNBQH13UftjpXxsfLkMpgw==",
      "dev": true
    },
    "chai": {
      "version": "4.2.0",
      "resolved": "https://registry.npmjs.org/chai/-/chai-4.2.0.tgz",
      "integrity": "sha512-XQU3bhBukrOsQCuwZndwGcCVQHyZi53fQ6Ys1Fym7E4olpIqqZZhhoFJoaKVvV17lWQoXYwgWN2nF5crA8J2jw==",
      "dev": true,
      "requires": {
        "assertion-error": "^1.1.0",
        "check-error": "^1.0.2",
        "deep-eql": "^3.0.1",
        "get-func-name": "^2.0.0",
        "pathval": "^1.1.0",
        "type-detect": "^4.0.5"
      }
    },
    "check-error": {
      "version": "1.0.2",
      "resolved": "https://registry.npmjs.org/check-error/-/check-error-1.0.2.tgz",
      "integrity": "sha1-V00xLt2Iu13YkS6Sht1sCu1KrII=",
      "dev": true
    },
    "commander": {
      "version": "2.15.1",
      "resolved": "https://registry.npmjs.org/commander/-/commander-2.15.1.tgz",
      "integrity": "sha512-VlfT9F3V0v+jr4yxPc5gg9s62/fIVWsd2Bk2iD435um1NlGMYdVCq+MjcXnhYq2icNOizHr1kK+5TI6H0Hy0ag=="
    },
    "concat-map": {
      "version": "0.0.1",
      "resolved": "https://registry.npmjs.org/concat-map/-/concat-map-0.0.1.tgz",
      "integrity": "sha1-2Klr13/Wjfd5OnMDajug1UBdR3s=",
      "dev": true
    },
    "d3": {
      "version": "5.9.2",
      "resolved": "https://registry.npmjs.org/d3/-/d3-5.9.2.tgz",
      "integrity": "sha512-ydrPot6Lm3nTWH+gJ/Cxf3FcwuvesYQ5uk+j/kXEH/xbuYWYWTMAHTJQkyeuG8Y5WM5RSEYB41EctUrXQQytRQ==",
      "requires": {
        "d3-array": "1",
        "d3-axis": "1",
        "d3-brush": "1",
        "d3-chord": "1",
        "d3-collection": "1",
        "d3-color": "1",
        "d3-contour": "1",
        "d3-dispatch": "1",
        "d3-drag": "1",
        "d3-dsv": "1",
        "d3-ease": "1",
        "d3-fetch": "1",
        "d3-force": "1",
        "d3-format": "1",
        "d3-geo": "1",
        "d3-hierarchy": "1",
        "d3-interpolate": "1",
        "d3-path": "1",
        "d3-polygon": "1",
        "d3-quadtree": "1",
        "d3-random": "1",
        "d3-scale": "2",
        "d3-scale-chromatic": "1",
        "d3-selection": "1",
        "d3-shape": "1",
        "d3-time": "1",
        "d3-time-format": "2",
        "d3-timer": "1",
        "d3-transition": "1",
        "d3-voronoi": "1",
        "d3-zoom": "1"
      }
    },
    "d3-array": {
      "version": "1.2.4",
      "resolved": "https://registry.npmjs.org/d3-array/-/d3-array-1.2.4.tgz",
      "integrity": "sha512-KHW6M86R+FUPYGb3R5XiYjXPq7VzwxZ22buHhAEVG5ztoEcZZMLov530mmccaqA1GghZArjQV46fuc8kUqhhHw=="
    },
    "d3-axis": {
      "version": "1.0.12",
      "resolved": "https://registry.npmjs.org/d3-axis/-/d3-axis-1.0.12.tgz",
      "integrity": "sha512-ejINPfPSNdGFKEOAtnBtdkpr24c4d4jsei6Lg98mxf424ivoDP2956/5HDpIAtmHo85lqT4pruy+zEgvRUBqaQ=="
    },
    "d3-brush": {
      "version": "1.0.6",
      "resolved": "https://registry.npmjs.org/d3-brush/-/d3-brush-1.0.6.tgz",
      "integrity": "sha512-lGSiF5SoSqO5/mYGD5FAeGKKS62JdA1EV7HPrU2b5rTX4qEJJtpjaGLJngjnkewQy7UnGstnFd3168wpf5z76w==",
      "requires": {
        "d3-dispatch": "1",
        "d3-drag": "1",
        "d3-interpolate": "1",
        "d3-selection": "1",
        "d3-transition": "1"
      }
    },
    "d3-chord": {
      "version": "1.0.6",
      "resolved": "https://registry.npmjs.org/d3-chord/-/d3-chord-1.0.6.tgz",
      "integrity": "sha512-JXA2Dro1Fxw9rJe33Uv+Ckr5IrAa74TlfDEhE/jfLOaXegMQFQTAgAw9WnZL8+HxVBRXaRGCkrNU7pJeylRIuA==",
      "requires": {
        "d3-array": "1",
        "d3-path": "1"
      }
    },
    "d3-collection": {
      "version": "1.0.7",
      "resolved": "https://registry.npmjs.org/d3-collection/-/d3-collection-1.0.7.tgz",
      "integrity": "sha512-ii0/r5f4sjKNTfh84Di+DpztYwqKhEyUlKoPrzUFfeSkWxjW49xU2QzO9qrPrNkpdI0XJkfzvmTu8V2Zylln6A=="
    },
    "d3-color": {
      "version": "1.2.3",
      "resolved": "https://registry.npmjs.org/d3-color/-/d3-color-1.2.3.tgz",
      "integrity": "sha512-x37qq3ChOTLd26hnps36lexMRhNXEtVxZ4B25rL0DVdDsGQIJGB18S7y9XDwlDD6MD/ZBzITCf4JjGMM10TZkw=="
    },
    "d3-contour": {
      "version": "1.3.2",
      "resolved": "https://registry.npmjs.org/d3-contour/-/d3-contour-1.3.2.tgz",
      "integrity": "sha512-hoPp4K/rJCu0ladiH6zmJUEz6+u3lgR+GSm/QdM2BBvDraU39Vr7YdDCicJcxP1z8i9B/2dJLgDC1NcvlF8WCg==",
      "requires": {
        "d3-array": "^1.1.1"
      }
    },
    "d3-dispatch": {
      "version": "1.0.5",
      "resolved": "https://registry.npmjs.org/d3-dispatch/-/d3-dispatch-1.0.5.tgz",
      "integrity": "sha512-vwKx+lAqB1UuCeklr6Jh1bvC4SZgbSqbkGBLClItFBIYH4vqDJCA7qfoy14lXmJdnBOdxndAMxjCbImJYW7e6g=="
    },
    "d3-drag": {
      "version": "1.2.3",
      "resolved": "https://registry.npmjs.org/d3-drag/-/d3-drag-1.2.3.tgz",
      "integrity": "sha512-8S3HWCAg+ilzjJsNtWW1Mutl74Nmzhb9yU6igspilaJzeZVFktmY6oO9xOh5TDk+BM2KrNFjttZNoJJmDnkjkg==",
      "requires": {
        "d3-dispatch": "1",
        "d3-selection": "1"
      }
    },
    "d3-dsv": {
      "version": "1.1.1",
      "resolved": "https://registry.npmjs.org/d3-dsv/-/d3-dsv-1.1.1.tgz",
      "integrity": "sha512-1EH1oRGSkeDUlDRbhsFytAXU6cAmXFzc52YUe6MRlPClmWb85MP1J5x+YJRzya4ynZWnbELdSAvATFW/MbxaXw==",
      "requires": {
        "commander": "2",
        "iconv-lite": "0.4",
        "rw": "1"
      }
    },
    "d3-ease": {
      "version": "1.0.5",
      "resolved": "https://registry.npmjs.org/d3-ease/-/d3-ease-1.0.5.tgz",
      "integrity": "sha512-Ct1O//ly5y5lFM9YTdu+ygq7LleSgSE4oj7vUt9tPLHUi8VCV7QoizGpdWRWAwCO9LdYzIrQDg97+hGVdsSGPQ=="
    },
    "d3-fetch": {
      "version": "1.1.2",
      "resolved": "https://registry.npmjs.org/d3-fetch/-/d3-fetch-1.1.2.tgz",
      "integrity": "sha512-S2loaQCV/ZeyTyIF2oP8D1K9Z4QizUzW7cWeAOAS4U88qOt3Ucf6GsmgthuYSdyB2HyEm4CeGvkQxWsmInsIVA==",
      "requires": {
        "d3-dsv": "1"
      }
    },
    "d3-force": {
      "version": "1.2.1",
      "resolved": "https://registry.npmjs.org/d3-force/-/d3-force-1.2.1.tgz",
      "integrity": "sha512-HHvehyaiUlVo5CxBJ0yF/xny4xoaxFxDnBXNvNcfW9adORGZfyNF1dj6DGLKyk4Yh3brP/1h3rnDzdIAwL08zg==",
      "requires": {
        "d3-collection": "1",
        "d3-dispatch": "1",
        "d3-quadtree": "1",
        "d3-timer": "1"
      }
    },
    "d3-format": {
      "version": "1.3.2",
      "resolved": "https://registry.npmjs.org/d3-format/-/d3-format-1.3.2.tgz",
      "integrity": "sha512-Z18Dprj96ExragQ0DeGi+SYPQ7pPfRMtUXtsg/ChVIKNBCzjO8XYJvRTC1usblx52lqge56V5ect+frYTQc8WQ=="
    },
    "d3-geo": {
      "version": "1.11.3",
      "resolved": "https://registry.npmjs.org/d3-geo/-/d3-geo-1.11.3.tgz",
      "integrity": "sha512-n30yN9qSKREvV2fxcrhmHUdXP9TNH7ZZj3C/qnaoU0cVf/Ea85+yT7HY7i8ySPwkwjCNYtmKqQFTvLFngfkItQ==",
      "requires": {
        "d3-array": "1"
      }
    },
    "d3-hierarchy": {
      "version": "1.1.8",
      "resolved": "https://registry.npmjs.org/d3-hierarchy/-/d3-hierarchy-1.1.8.tgz",
      "integrity": "sha512-L+GHMSZNwTpiq4rt9GEsNcpLa4M96lXMR8M/nMG9p5hBE0jy6C+3hWtyZMenPQdwla249iJy7Nx0uKt3n+u9+w=="
    },
    "d3-interpolate": {
      "version": "1.3.2",
      "resolved": "https://registry.npmjs.org/d3-interpolate/-/d3-interpolate-1.3.2.tgz",
      "integrity": "sha512-NlNKGopqaz9qM1PXh9gBF1KSCVh+jSFErrSlD/4hybwoNX/gt1d8CDbDW+3i+5UOHhjC6s6nMvRxcuoMVNgL2w==",
      "requires": {
        "d3-color": "1"
      }
    },
    "d3-path": {
      "version": "1.0.7",
      "resolved": "https://registry.npmjs.org/d3-path/-/d3-path-1.0.7.tgz",
      "integrity": "sha512-q0cW1RpvA5c5ma2rch62mX8AYaiLX0+bdaSM2wxSU9tXjU4DNvkx9qiUvjkuWCj3p22UO/hlPivujqMiR9PDzA=="
    },
    "d3-polygon": {
      "version": "1.0.5",
      "resolved": "https://registry.npmjs.org/d3-polygon/-/d3-polygon-1.0.5.tgz",
      "integrity": "sha512-RHhh1ZUJZfhgoqzWWuRhzQJvO7LavchhitSTHGu9oj6uuLFzYZVeBzaWTQ2qSO6bz2w55RMoOCf0MsLCDB6e0w=="
    },
    "d3-quadtree": {
      "version": "1.0.6",
      "resolved": "https://registry.npmjs.org/d3-quadtree/-/d3-quadtree-1.0.6.tgz",
      "integrity": "sha512-NUgeo9G+ENQCQ1LsRr2qJg3MQ4DJvxcDNCiohdJGHt5gRhBW6orIB5m5FJ9kK3HNL8g9F4ERVoBzcEwQBfXWVA=="
    },
    "d3-random": {
      "version": "1.1.2",
      "resolved": "https://registry.npmjs.org/d3-random/-/d3-random-1.1.2.tgz",
      "integrity": "sha512-6AK5BNpIFqP+cx/sreKzNjWbwZQCSUatxq+pPRmFIQaWuoD+NrbVWw7YWpHiXpCQ/NanKdtGDuB+VQcZDaEmYQ=="
    },
    "d3-scale": {
      "version": "2.2.2",
      "resolved": "https://registry.npmjs.org/d3-scale/-/d3-scale-2.2.2.tgz",
      "integrity": "sha512-LbeEvGgIb8UMcAa0EATLNX0lelKWGYDQiPdHj+gLblGVhGLyNbaCn3EvrJf0A3Y/uOOU5aD6MTh5ZFCdEwGiCw==",
      "requires": {
        "d3-array": "^1.2.0",
        "d3-collection": "1",
        "d3-format": "1",
        "d3-interpolate": "1",
        "d3-time": "1",
        "d3-time-format": "2"
      }
    },
    "d3-scale-chromatic": {
      "version": "1.3.3",
      "resolved": "https://registry.npmjs.org/d3-scale-chromatic/-/d3-scale-chromatic-1.3.3.tgz",
      "integrity": "sha512-BWTipif1CimXcYfT02LKjAyItX5gKiwxuPRgr4xM58JwlLocWbjPLI7aMEjkcoOQXMkYsmNsvv3d2yl/OKuHHw==",
      "requires": {
        "d3-color": "1",
        "d3-interpolate": "1"
      }
    },
    "d3-selection": {
      "version": "1.4.0",
      "resolved": "https://registry.npmjs.org/d3-selection/-/d3-selection-1.4.0.tgz",
      "integrity": "sha512-EYVwBxQGEjLCKF2pJ4+yrErskDnz5v403qvAid96cNdCMr8rmCYfY5RGzWz24mdIbxmDf6/4EAH+K9xperD5jg=="
    },
    "d3-shape": {
      "version": "1.3.5",
      "resolved": "https://registry.npmjs.org/d3-shape/-/d3-shape-1.3.5.tgz",
      "integrity": "sha512-VKazVR3phgD+MUCldapHD7P9kcrvPcexeX/PkMJmkUov4JM8IxsSg1DvbYoYich9AtdTsa5nNk2++ImPiDiSxg==",
      "requires": {
        "d3-path": "1"
      }
    },
    "d3-time": {
      "version": "1.0.11",
      "resolved": "https://registry.npmjs.org/d3-time/-/d3-time-1.0.11.tgz",
      "integrity": "sha512-Z3wpvhPLW4vEScGeIMUckDW7+3hWKOQfAWg/U7PlWBnQmeKQ00gCUsTtWSYulrKNA7ta8hJ+xXc6MHrMuITwEw=="
    },
    "d3-time-format": {
      "version": "2.1.3",
      "resolved": "https://registry.npmjs.org/d3-time-format/-/d3-time-format-2.1.3.tgz",
      "integrity": "sha512-6k0a2rZryzGm5Ihx+aFMuO1GgelgIz+7HhB4PH4OEndD5q2zGn1mDfRdNrulspOfR6JXkb2sThhDK41CSK85QA==",
      "requires": {
        "d3-time": "1"
      }
    },
    "d3-timer": {
      "version": "1.0.9",
      "resolved": "https://registry.npmjs.org/d3-timer/-/d3-timer-1.0.9.tgz",
      "integrity": "sha512-rT34J5HnQUHhcLvhSB9GjCkN0Ddd5Y8nCwDBG2u6wQEeYxT/Lf51fTFFkldeib/sE/J0clIe0pnCfs6g/lRbyg=="
    },
    "d3-transition": {
      "version": "1.2.0",
      "resolved": "https://registry.npmjs.org/d3-transition/-/d3-transition-1.2.0.tgz",
      "integrity": "sha512-VJ7cmX/FPIPJYuaL2r1o1EMHLttvoIuZhhuAlRoOxDzogV8iQS6jYulDm3xEU3TqL80IZIhI551/ebmCMrkvhw==",
      "requires": {
        "d3-color": "1",
        "d3-dispatch": "1",
        "d3-ease": "1",
        "d3-interpolate": "1",
        "d3-selection": "^1.1.0",
        "d3-timer": "1"
      }
    },
    "d3-voronoi": {
      "version": "1.1.4",
      "resolved": "https://registry.npmjs.org/d3-voronoi/-/d3-voronoi-1.1.4.tgz",
      "integrity": "sha512-dArJ32hchFsrQ8uMiTBLq256MpnZjeuBtdHpaDlYuQyjU0CVzCJl/BVW+SkszaAeH95D/8gxqAhgx0ouAWAfRg=="
    },
    "d3-zoom": {
      "version": "1.7.3",
      "resolved": "https://registry.npmjs.org/d3-zoom/-/d3-zoom-1.7.3.tgz",
      "integrity": "sha512-xEBSwFx5Z9T3/VrwDkMt+mr0HCzv7XjpGURJ8lWmIC8wxe32L39eWHIasEe/e7Ox8MPU4p1hvH8PKN2olLzIBg==",
      "requires": {
        "d3-dispatch": "1",
        "d3-drag": "1",
        "d3-interpolate": "1",
        "d3-selection": "1",
        "d3-transition": "1"
      }
    },
    "debug": {
      "version": "3.1.0",
      "resolved": "https://registry.npmjs.org/debug/-/debug-3.1.0.tgz",
      "integrity": "sha512-OX8XqP7/1a9cqkxYw2yXss15f26NKWBpDXQd0/uK/KPqdQhxbPa994hnzjcE2VqQpDslf55723cKPUOGSmMY3g==",
      "dev": true,
      "requires": {
        "ms": "2.0.0"
      }
    },
    "deep-eql": {
      "version": "3.0.1",
      "resolved": "https://registry.npmjs.org/deep-eql/-/deep-eql-3.0.1.tgz",
      "integrity": "sha512-+QeIQyN5ZuO+3Uk5DYh6/1eKO0m0YmJFGNmFHGACpf1ClL1nmlV/p4gNgbl2pJGxgXb4faqo6UE+M5ACEMyVcw==",
      "dev": true,
      "requires": {
        "type-detect": "^4.0.0"
      }
    },
    "diff": {
      "version": "3.5.0",
      "resolved": "https://registry.npmjs.org/diff/-/diff-3.5.0.tgz",
      "integrity": "sha512-A46qtFgd+g7pDZinpnwiRJtxbC1hpgf0uzP3iG89scHk0AUC7A1TGxf5OiiOUv/JMZR8GOt8hL900hV0bOy5xA==",
      "dev": true
    },
    "escape-string-regexp": {
      "version": "1.0.5",
      "resolved": "https://registry.npmjs.org/escape-string-regexp/-/escape-string-regexp-1.0.5.tgz",
      "integrity": "sha1-G2HAViGQqN/2rjuyzwIAyhMLhtQ=",
      "dev": true
    },
    "fs.realpath": {
      "version": "1.0.0",
      "resolved": "https://registry.npmjs.org/fs.realpath/-/fs.realpath-1.0.0.tgz",
      "integrity": "sha1-FQStJSMVjKpA20onh8sBQRmU6k8=",
      "dev": true
    },
    "get-func-name": {
      "version": "2.0.0",
      "resolved": "https://registry.npmjs.org/get-func-name/-/get-func-name-2.0.0.tgz",
      "integrity": "sha1-6td0q+5y4gQJQzoGY2YCPdaIekE=",
      "dev": true
    },
    "glob": {
      "version": "7.1.2",
      "resolved": "https://registry.npmjs.org/glob/-/glob-7.1.2.tgz",
      "integrity": "sha512-MJTUg1kjuLeQCJ+ccE4Vpa6kKVXkPYJ2mOCQyUuKLcLQsdrMCpBPUi8qVE6+YuaJkozeA9NusTAw3hLr8Xe5EQ==",
      "dev": true,
      "requires": {
        "fs.realpath": "^1.0.0",
        "inflight": "^1.0.4",
        "inherits": "2",
        "minimatch": "^3.0.4",
        "once": "^1.3.0",
        "path-is-absolute": "^1.0.0"
      }
    },
    "growl": {
      "version": "1.10.5",
      "resolved": "https://registry.npmjs.org/growl/-/growl-1.10.5.tgz",
      "integrity": "sha512-qBr4OuELkhPenW6goKVXiv47US3clb3/IbuWF9KNKEijAy9oeHxU9IgzjvJhHkUzhaj7rOUD7+YGWqUjLp5oSA==",
      "dev": true
    },
    "has-flag": {
      "version": "3.0.0",
      "resolved": "https://registry.npmjs.org/has-flag/-/has-flag-3.0.0.tgz",
      "integrity": "sha1-tdRU3CGZriJWmfNGfloH87lVuv0=",
      "dev": true
    },
    "he": {
      "version": "1.1.1",
      "resolved": "https://registry.npmjs.org/he/-/he-1.1.1.tgz",
      "integrity": "sha1-k0EP0hsAlzUVH4howvJx80J+I/0=",
      "dev": true
    },
    "iconv-lite": {
      "version": "0.4.24",
      "resolved": "https://registry.npmjs.org/iconv-lite/-/iconv-lite-0.4.24.tgz",
      "integrity": "sha512-v3MXnZAcvnywkTUEZomIActle7RXXeedOR31wwl7VlyoXO4Qi9arvSenNQWne1TcRwhCL1HwLI21bEqdpj8/rA==",
      "requires": {
        "safer-buffer": ">= 2.1.2 < 3"
      }
    },
    "inflight": {
      "version": "1.0.6",
      "resolved": "https://registry.npmjs.org/inflight/-/inflight-1.0.6.tgz",
      "integrity": "sha1-Sb1jMdfQLQwJvJEKEHW6gWW1bfk=",
      "dev": true,
      "requires": {
        "once": "^1.3.0",
        "wrappy": "1"
      }
    },
    "inherits": {
      "version": "2.0.3",
      "resolved": "https://registry.npmjs.org/inherits/-/inherits-2.0.3.tgz",
      "integrity": "sha1-Yzwsg+PaQqUC9SRmAiSA9CCCYd4=",
      "dev": true
    },
    "minimatch": {
      "version": "3.0.4",
      "resolved": "https://registry.npmjs.org/minimatch/-/minimatch-3.0.4.tgz",
      "integrity": "sha512-yJHVQEhyqPLUTgt9B83PXu6W3rx4MvvHvSUvToogpwoGDOUQ+yDrR0HRot+yOCdCO7u4hX3pWft6kWBBcqh0UA==",
      "dev": true,
      "requires": {
        "brace-expansion": "^1.1.7"
      }
    },
    "minimist": {
      "version": "0.0.8",
      "resolved": "https://registry.npmjs.org/minimist/-/minimist-0.0.8.tgz",
      "integrity": "sha1-hX/Kv8M5fSYluCKCYuhqp6ARsF0=",
      "dev": true
    },
    "mkdirp": {
      "version": "0.5.1",
      "resolved": "https://registry.npmjs.org/mkdirp/-/mkdirp-0.5.1.tgz",
      "integrity": "sha1-MAV0OOrGz3+MR2fzhkjWaX11yQM=",
      "dev": true,
      "requires": {
        "minimist": "0.0.8"
      }
    },
    "mocha": {
      "version": "5.2.0",
      "resolved": "https://registry.npmjs.org/mocha/-/mocha-5.2.0.tgz",
      "integrity": "sha512-2IUgKDhc3J7Uug+FxMXuqIyYzH7gJjXECKe/w43IGgQHTSj3InJi+yAA7T24L9bQMRKiUEHxEX37G5JpVUGLcQ==",
      "dev": true,
      "requires": {
        "browser-stdout": "1.3.1",
        "commander": "2.15.1",
        "debug": "3.1.0",
        "diff": "3.5.0",
        "escape-string-regexp": "1.0.5",
        "glob": "7.1.2",
        "growl": "1.10.5",
        "he": "1.1.1",
        "minimatch": "3.0.4",
        "mkdirp": "0.5.1",
        "supports-color": "5.4.0"
      }
    },
    "ms": {
      "version": "2.0.0",
      "resolved": "https://registry.npmjs.org/ms/-/ms-2.0.0.tgz",
      "integrity": "sha1-VgiurfwAvmwpAd9fmGF4jeDVl8g=",
      "dev": true
    },
    "once": {
      "version": "1.4.0",
      "resolved": "https://registry.npmjs.org/once/-/once-1.4.0.tgz",
      "integrity": "sha1-WDsap3WWHUsROsF9nFC6753Xa9E=",
      "dev": true,
      "requires": {
        "wrappy": "1"
      }
    },
    "path-is-absolute": {
      "version": "1.0.1",
      "resolved": "https://registry.npmjs.org/path-is-absolute/-/path-is-absolute-1.0.1.tgz",
      "integrity": "sha1-F0uSaHNVNP+8es5r9TpanhtcX18=",
      "dev": true
    },
    "pathval": {
      "version": "1.1.0",
      "resolved": "https://registry.npmjs.org/pathval/-/pathval-1.1.0.tgz",
      "integrity": "sha1-uULm1L3mUwBe9rcTYd74cn0GReA=",
      "dev": true
    },
    "rw": {
      "version": "1.3.3",
      "resolved": "https://registry.npmjs.org/rw/-/rw-1.3.3.tgz",
      "integrity": "sha1-P4Yt+pGrdmsUiF700BEkv9oHT7Q="
    },
    "safer-buffer": {
      "version": "2.1.2",
      "resolved": "https://registry.npmjs.org/safer-buffer/-/safer-buffer-2.1.2.tgz",
      "integrity": "sha512-YZo3K82SD7Riyi0E1EQPojLz7kpepnSQI9IyPbHHg1XXXevb5dJI7tpyN2ADxGcQbHG7vcyRHk0cbwqcQriUtg=="
    },
    "supports-color": {
      "version": "5.4.0",
      "resolved": "https://registry.npmjs.org/supports-color/-/supports-color-5.4.0.tgz",
      "integrity": "sha512-zjaXglF5nnWpsq470jSv6P9DwPvgLkuapYmfDm3JWOm0vkNTVF2tI4UrN2r6jH1qM/uc/WtxYY1hYoA2dOKj5w==",
      "dev": true,
      "requires": {
        "has-flag": "^3.0.0"
      }
    },
    "type-detect": {
      "version": "4.0.8",
      "resolved": "https://registry.npmjs.org/type-detect/-/type-detect-4.0.8.tgz",
      "integrity": "sha512-0fr/mIH1dlO+x7TlcMy+bIDqKPsw/70tVyeHW787goQjhmqaZe10uwLujubK9q9Lg6Fiho1KUKDYz0Z7k7g5/g==",
      "dev": true
    },
    "wct-mocha": {
      "version": "1.0.0",
      "resolved": "https://registry.npmjs.org/wct-mocha/-/wct-mocha-1.0.0.tgz",
      "integrity": "sha512-rvDjW4kJMV8/lpihKMDHMZwycT5ALtoLni/Q0Ggdg1rPRpIW5pjoslSR/UIl2gWRMYqAs9nFRVYxASwEYG6brA==",
      "dev": true
    },
    "web-animations-js": {
      "version": "2.3.1",
      "resolved": "https://registry.npmjs.org/web-animations-js/-/web-animations-js-2.3.1.tgz",
      "integrity": "sha1-Om2bwVGWN3qQ+OKAP6UmIWWwRRA="
    },
    "wrappy": {
      "version": "1.0.2",
      "resolved": "https://registry.npmjs.org/wrappy/-/wrappy-1.0.2.tgz",
      "integrity": "sha1-tSQ9jz7BqjXxNkYFvA0QNuMKtp8=",
      "dev": true
    }
  }
}
